# THIS IS AN AUTOGENERATED FILE. DO NOT EDIT THIS FILE DIRECTLY.
# yarn lockfile v1


"@consento/sync-randombytes@^1.0.4", "@consento/sync-randombytes@^1.0.5":
  version "1.0.5"
  resolved "https://registry.yarnpkg.com/@consento/sync-randombytes/-/sync-randombytes-1.0.5.tgz#5be6bc58c6a6fa6e09f04cc684d037e29e6c28d5"
  integrity sha512-mPJ2XvrTLQGEdhleDuSIkWtVWnvmhREOC1FjorV1nlK49t/52Z9X1d618gTj6nlQghRLiYvcd8oL4vZ2YZuDIQ==
  dependencies:
    buffer "^5.4.3"
    seedrandom "^3.0.5"

"@improbable-eng/grpc-web@^0.12.0":
  version "0.12.0"
  resolved "https://registry.yarnpkg.com/@improbable-eng/grpc-web/-/grpc-web-0.12.0.tgz#9b10a7edf2a1d7672f8997e34a60e7b70e49738f"
  integrity sha512-uJjgMPngreRTYPBuo6gswMj1gK39Wbqre/RgE0XnSDXJRg6ST7ZhuS53dFE6Vc2CX4jxgl+cO+0B3op8LA4Q0Q==
  dependencies:
    browser-headers "^0.4.0"

"@improbable-eng/grpc-web@^0.13.0":
  version "0.13.0"
  resolved "https://registry.yarnpkg.com/@improbable-eng/grpc-web/-/grpc-web-0.13.0.tgz#289e6fc4dafc00b1af8e2b93b970e6892299014d"
  integrity sha512-vaxxT+Qwb7GPqDQrBV4vAAfH0HywgOLw6xGIKXd9Q8hcV63CQhmS3p4+pZ9/wVvt4Ph3ZDK9fdC983b9aGMUFg==
  dependencies:
    browser-headers "^0.4.0"

"@jest/types@^25.5.0":
  version "25.5.0"
  resolved "https://registry.yarnpkg.com/@jest/types/-/types-25.5.0.tgz#4d6a4793f7b9599fc3680877b856a97dbccf2a9d"
  integrity sha512-OXD0RgQ86Tu3MazKo8bnrkDRaDXXMGUqd+kTtLtK1Zb7CRzQcaSRPPPV37SvYTdevXEBVxe0HXylEjs8ibkmCw==
  dependencies:
    "@types/istanbul-lib-coverage" "^2.0.0"
    "@types/istanbul-reports" "^1.1.1"
    "@types/yargs" "^15.0.0"
    chalk "^3.0.0"

"@jest/types@^26.5.2":
  version "26.5.2"
  resolved "https://registry.yarnpkg.com/@jest/types/-/types-26.5.2.tgz#44c24f30c8ee6c7f492ead9ec3f3c62a5289756d"
  integrity sha512-QDs5d0gYiyetI8q+2xWdkixVQMklReZr4ltw7GFDtb4fuJIBCE6mzj2LnitGqCuAlLap6wPyb8fpoHgwZz5fdg==
  dependencies:
    "@types/istanbul-lib-coverage" "^2.0.0"
    "@types/istanbul-reports" "^3.0.0"
    "@types/node" "*"
    "@types/yargs" "^15.0.0"
    chalk "^4.0.0"

"@multiformats/base-x@^4.0.1":
  version "4.0.1"
  resolved "https://registry.yarnpkg.com/@multiformats/base-x/-/base-x-4.0.1.tgz#95ff0fa58711789d53aefb2590a8b7a4e715d121"
  integrity sha512-eMk0b9ReBbV23xXU693TAIrLyeO5iTgBZGSJfpqriG8UkYvr/hC9u9pyMlAakDNHWmbhMZCDs6KQO0jzKD8OTw==

"@texthill/core@^0.2.0":
  version "0.2.0"
  resolved "https://registry.yarnpkg.com/@texthill/core/-/core-0.2.0.tgz#4e3fe73f327a535a1d1ea0b2858451ad17c74246"
  integrity sha512-zG2fn+SzlCgeV8ErhD+GDgg8RqM+vkbiKyRokVGnfOBqSx1pXRX+n0McqjrxI3S/TwWCPUmsphci4lvm7gwuzQ==

"@textile/buckets-grpc@2.0.1":
  version "2.0.1"
  resolved "https://registry.yarnpkg.com/@textile/buckets-grpc/-/buckets-grpc-2.0.1.tgz#532be083b94400a80b1cd4595f1ad80822281c93"
  integrity sha512-H/1XzlMvYLbyP8fsjQmFkAJSv59pcfjCB3PfYwgcvZwq+LOlf8i62q06ZNei4CTbMSFKhe7mDgOWCGzJpHVrjQ==
  dependencies:
    "@improbable-eng/grpc-web" "^0.13.0"
    "@types/google-protobuf" "^3.7.3"
    google-protobuf "^3.13.0"

"@textile/buckets-grpc@2.1.0":
  version "2.1.0"
  resolved "https://registry.yarnpkg.com/@textile/buckets-grpc/-/buckets-grpc-2.1.0.tgz#415764d80ceaca508af30536e54dce12a2fe3b0a"
  integrity sha512-pfKgjSdFcskqYS3wY9IJIrvN8+aJ20rRlJSIXOL77zgea8KAVwLOSkcGiAFL9Sz8kALOMPUJt7wV3Ss/+FVFSQ==
  dependencies:
    "@improbable-eng/grpc-web" "^0.13.0"
    "@types/google-protobuf" "^3.7.3"
    google-protobuf "^3.13.0"

"@textile/buckets@^1.1.1":
  version "1.1.1"
  resolved "https://registry.yarnpkg.com/@textile/buckets/-/buckets-1.1.1.tgz#39aca44342bca7eba088cc55723ea0919f1f0a54"
  integrity sha512-Qa0VBjWE6ktjuVKrRbDlUFzU12QQ19nuXFoRUCHQHuosXdOV+axpE0FwpqvvqboZginvfTXJy+P8WoyOAH9GaQ==
  dependencies:
    "@improbable-eng/grpc-web" "^0.13.0"
    "@textile/buckets-grpc" "2.1.0"
    "@textile/context" "^0.7.0"
    "@textile/crypto" "^0.1.2"
    "@textile/grpc-authentication" "^0.2.3"
    "@textile/grpc-connection" "^0.1.5"
    "@textile/grpc-transport" "^0.0.5"
    "@textile/hub-grpc" "2.0.1"
    "@textile/hub-threads-client" "^1.0.1"
    "@textile/security" "^0.3.0"
    "@textile/threads-id" "^0.1.15"
    "@types/next-tick" "^1.0.0"
    abort-controller "^3.0.0"
    cids "^0.8.0"
    event-iterator "^2.0.0"
    it-block "^2.0.0"
    loglevel "^1.6.8"
    next-tick "^1.1.0"

"@textile/context@^0.7.0":
  version "0.7.0"
  resolved "https://registry.yarnpkg.com/@textile/context/-/context-0.7.0.tgz#aac2522d69c57c3290b0e2a893b3ce9b1d2f094b"
  integrity sha512-GwpYZh4dvf2BQ3eWovVVQT7TxyiKhupJZuftg5IksN4FiqfPXTXsc4RlqVWQwigodTVltTK6qdibAUxnhYW3dg==
  dependencies:
    "@improbable-eng/grpc-web" "^0.13.0"
    "@textile/security" "^0.3.0"

"@textile/context@^0.8.0":
  version "0.8.0"
  resolved "https://registry.yarnpkg.com/@textile/context/-/context-0.8.0.tgz#404a3f7f20ae06cc24a6f2237034819ff27f8487"
  integrity sha512-Ayn8/kM+EyUwLheQqWgyBsFwhvAqVSKGkKDnwsc4Yu3Iwj5y4GJwEvZwtIsT62T+AeCLgnlsl7ZIom9E8iqFuA==
  dependencies:
    "@improbable-eng/grpc-web" "^0.13.0"
    "@textile/security" "^0.4.0"

"@textile/crypto@^0.1.0", "@textile/crypto@^0.1.2":
  version "0.1.2"
  resolved "https://registry.yarnpkg.com/@textile/crypto/-/crypto-0.1.2.tgz#09637e8173daa8d62a78f570e170065ac631b089"
  integrity sha512-vHmxLlTfPliq1LgaTwih5h9YPCJf5zotas2ld2TX8S6uOYY2jRoLTPR60ddAMfDxPmtuXvFaPz/aRJsHuqgwUA==
  dependencies:
    "@types/ed2curve" "^0.2.2"
    "@types/multibase" "^0.6.0"
    ed2curve "^0.3.0"
    multibase "^3.0.0"
    tweetnacl "^1.0.3"

"@textile/grpc-authentication@^0.2.3":
  version "0.2.3"
  resolved "https://registry.yarnpkg.com/@textile/grpc-authentication/-/grpc-authentication-0.2.3.tgz#0a8c14309626edefc8add43c3bccdce26f2a9c17"
  integrity sha512-mYmjLt+xGQqyw1w0g5QgXzPNyllQT3KbjhDTvItNpfXnuNrECZVdtjPORIMNG7Fn0tk0OhMhBHQOQqdDa2PTjA==
  dependencies:
    "@textile/context" "^0.7.0"
    "@textile/crypto" "^0.1.2"
    "@textile/grpc-connection" "^0.1.5"
    "@textile/hub-threads-client" "^1.0.1"
    "@textile/security" "^0.2.7"

"@textile/grpc-connection@^0.1.5":
  version "0.1.5"
  resolved "https://registry.yarnpkg.com/@textile/grpc-connection/-/grpc-connection-0.1.5.tgz#f6f290d83a3bce3daeebcccd257ff943c18ad629"
  integrity sha512-YT2r99Qa8A1vOo2fPxIJvB9mxW7L5yOAjK1c9nZG/9n2qu4wdXL5wpKwEkrnijDOm20MYJPjmdQ3Xa8+cKrYNg==
  dependencies:
    "@improbable-eng/grpc-web" "^0.12.0"
    "@textile/context" "^0.7.0"
    "@textile/grpc-transport" "^0.0.3"

"@textile/grpc-powergate-client@0.6.8":
  version "0.6.8"
  resolved "https://registry.yarnpkg.com/@textile/grpc-powergate-client/-/grpc-powergate-client-0.6.8.tgz#11f23244d67e2c5d0a696cf4d5b58965625fb70e"
  integrity sha512-cBWyLMGRilQgFq9VZI9hN6sPO7xc+m+zoxIfab2AEUGFhfDa2Q39qnUKUDYkNc4BcT+BOj66dWpD2kYzq5D2/A==
  dependencies:
    "@improbable-eng/grpc-web" "^0.13.0"
    "@types/google-protobuf" "^3.7.3"
    google-protobuf "^3.13.0"

"@textile/grpc-transport@^0.0.3":
  version "0.0.3"
  resolved "https://registry.yarnpkg.com/@textile/grpc-transport/-/grpc-transport-0.0.3.tgz#ab094b7637da8188d85b1eb1a728ae45d7dc9e5f"
  integrity sha512-COBgLEzBMC3gioD16QoWXyc20KXezMyll4/YKyMannkMShPL8pOc9G4SE9z5li0v0e5v0Nv/R3pL/jFPFqLwOw==
  dependencies:
    "@improbable-eng/grpc-web" "^0.13.0"
    "@types/ws" "^7.2.6"
    isomorphic-ws "^4.0.1"
    loglevel "^1.6.6"
    ws "^7.2.1"

"@textile/grpc-transport@^0.0.5":
  version "0.0.5"
  resolved "https://registry.yarnpkg.com/@textile/grpc-transport/-/grpc-transport-0.0.5.tgz#55daf1c93b28944eaec55980f94864c7cba7f6fb"
  integrity sha512-Re/fmMY0KfvMUoduPl8xvrjO8bkEAXkYWOis/I0jorUWW9Tc7V4r6g6xW7Weos2ktAExqNZlb3wVfXA6Vszhyg==
  dependencies:
    "@improbable-eng/grpc-web" "^0.13.0"
    "@types/ws" "^7.2.6"
    isomorphic-ws "^4.0.1"
    loglevel "^1.6.6"
    ws "^7.2.1"

"@textile/grpc-transport@^0.0.6":
  version "0.0.6"
  resolved "https://registry.yarnpkg.com/@textile/grpc-transport/-/grpc-transport-0.0.6.tgz#44421e02047018fafbe8f1decd1c311e431ba94e"
  integrity sha512-4feefQ6hLilPPXMaJAJYqtWKJQe/ff+ju/fV67wRSKkZHNS1WuF5NCeJfBFItuaokSHmTGbLT5uqmJYpIVmxDA==
  dependencies:
    "@improbable-eng/grpc-web" "^0.13.0"
    "@types/ws" "^7.2.6"
    isomorphic-ws "^4.0.1"
    loglevel "^1.6.6"
    ws "^7.2.1"

"@textile/hub-grpc@2.0.1":
  version "2.0.1"
  resolved "https://registry.yarnpkg.com/@textile/hub-grpc/-/hub-grpc-2.0.1.tgz#5f3e72fd5caa4aa8774af62c4dd086e2c10b5e07"
  integrity sha512-bvEvsPGN38I0qwSKVXz6SLC8nWoazs2u1Y/hkVEztaYMu4GhF74N084rztKTvzSBeslYb+3fptFTOJrVqAdE2g==
  dependencies:
    "@improbable-eng/grpc-web" "^0.13.0"
    "@types/google-protobuf" "^3.7.3"
    google-protobuf "^3.13.0"

"@textile/hub-threads-client@^1.0.1":
  version "1.0.1"
  resolved "https://registry.yarnpkg.com/@textile/hub-threads-client/-/hub-threads-client-1.0.1.tgz#a6ee257ce1ac1c89ab5a2450390d1606acf4d969"
  integrity sha512-HTVV3gyzTD27bw9ET8mNMIH3FUUnqXhUg8joQqw7QvoT3aM/zzHvfFUwVCnT2BpnNgBFVwn6tHIEfn503xnjkg==
  dependencies:
    "@improbable-eng/grpc-web" "^0.13.0"
    "@textile/context" "^0.7.0"
    "@textile/hub-grpc" "2.0.1"
    "@textile/security" "^0.3.0"
    "@textile/threads-client" "^1.0.0"
    "@textile/threads-id" "^0.1.15"
    "@textile/users-grpc" "2.1.0"
    cids "^0.8.0"
    loglevel "^1.7.0"
    multihashes "0.4.19"

"@textile/hub@^1.1.1":
  version "1.1.1"
  resolved "https://registry.yarnpkg.com/@textile/hub/-/hub-1.1.1.tgz#df63348ce01b9b07ce5d5141def3363e3e645da9"
  integrity sha512-aAkan9gYae4tQ4jf46OkhXRDaGO4QSZBeK95x8hd+QOa47xu5c4lQkl60w2npNvFS6Ui78axJTUalIBfZ/bbBg==
  dependencies:
    "@textile/buckets" "^1.1.1"
    "@textile/crypto" "^0.1.2"
    "@textile/grpc-authentication" "^0.2.3"
    "@textile/hub-grpc" "2.0.1"
    "@textile/hub-threads-client" "^1.0.1"
    "@textile/pow" "^1.0.2"
    "@textile/security" "^0.3.0"
    "@textile/threads-id" "^0.1.15"
    "@textile/users" "^1.0.1"
    cids "^0.8.0"
    loglevel "^1.6.8"
    multihashes "0.4.19"

"@textile/multiaddr@^0.1.0":
  version "0.1.0"
  resolved "https://registry.yarnpkg.com/@textile/multiaddr/-/multiaddr-0.1.0.tgz#088aa5830bdd599f1d121071abc372a5f626581d"
  integrity sha512-ZSzIk7vMfER4RyXXZFZpjTFW+KSWOcG2u4ur1fE0Hxf7qZ9XwOcbv9blO3J5Ptt4wP66ftJ91RTPoaLDA6Hvhg==
  dependencies:
    "@textile/threads-id" "^0.1.16"
    "@types/bs58" "^4.0.1"
    "@types/multiaddr" "^7.2.0"
    "@types/multibase" "^0.6.0"
    "@types/varint" "^5.0.0"
    bs58 "^4.0.1"
    buffer "^5.6.0"
    cids "^1.0.1"
    multiaddr "^7.4.2"
    varint "^6.0.0"

"@textile/pow@^1.0.2":
  version "1.0.2"
  resolved "https://registry.yarnpkg.com/@textile/pow/-/pow-1.0.2.tgz#8c2da46d69550a121b7c2957ebc8b518ee87b05c"
  integrity sha512-F4vXIssud/dcKNfunXDdmIM7cJoI5/CXVm5hrdVioSw8jpD1v3KQM+a4oJMjwqLNb7K8HwMGGKaGZ4Samaa8LQ==
  dependencies:
    "@improbable-eng/grpc-web" "^0.12.0"
    "@textile/context" "^0.7.0"
    "@textile/crypto" "^0.1.2"
    "@textile/grpc-authentication" "^0.2.3"
    "@textile/grpc-connection" "^0.1.5"
    "@textile/grpc-powergate-client" "0.6.8"
    "@textile/hub-grpc" "2.0.1"
    "@types/next-tick" "^1.0.0"
    cids "^0.8.0"
    event-iterator "^2.0.0"
    loglevel "^1.6.8"
    next-tick "^1.1.0"

"@textile/security@^0.2.7":
  version "0.2.8"
  resolved "https://registry.yarnpkg.com/@textile/security/-/security-0.2.8.tgz#c0625ea528a6b3c09ff3cfb27dfcb5cb93f5b0e4"
  integrity sha512-jTcsewrpmeXPEGSJo3IacHz89rRnR5r7mq2xRex45qkHpj0Hu8lGZPEcc8ATCdtQoMkr1AvWyLwK6zZD5hXKaA==
  dependencies:
    "@types/multibase" "^0.6.0"
    fast-sha256 "^1.3.0"
    multibase "^1.0.0"

"@textile/security@^0.3.0":
  version "0.3.0"
  resolved "https://registry.yarnpkg.com/@textile/security/-/security-0.3.0.tgz#a7d1a829b9dbefce3bc3904f3ab7d2a7ce7c93dc"
  integrity sha512-XsA3A5sliWaXxR+ICqNGkFClvZdXxYE+NeHu/Jp28xBvmnPqLHlpM8P6NrEYUxGsrEbQVrJc3g8+IuiX+16V0Q==
  dependencies:
    "@consento/sync-randombytes" "^1.0.5"
    "@types/multibase" "^0.6.0"
    fast-sha256 "^1.3.0"
    multibase "^1.0.0"

"@textile/security@^0.4.0":
  version "0.4.0"
  resolved "https://registry.yarnpkg.com/@textile/security/-/security-0.4.0.tgz#759a3952e771b99016e1a0b5dc73d3f4b7446ff0"
  integrity sha512-jzfCyz61qLectcigIYcO74uJ1mzv84LEr2Rq4p5wwkjxC2+nbWbXyG7pnhonc90oDeWo4Psfg1doWv2qtx4E9Q==
  dependencies:
    "@consento/sync-randombytes" "^1.0.5"
    "@types/multibase" "^0.6.0"
    fast-sha256 "^1.3.0"
    multibase "^1.0.0"

"@textile/threads-client-grpc@^1.0.0":
  version "1.0.0"
  resolved "https://registry.yarnpkg.com/@textile/threads-client-grpc/-/threads-client-grpc-1.0.0.tgz#43d7f7b42973315a1e6098d4d0ea5e14a8f87c6f"
  integrity sha512-8k8QQQR3AZRfeXWF8GZRdKAcANKzYPUjBfXBsURQwaU/Fc+HDJqn3CfL9saO71LfqVypSiXkce1JqQrb4bwCWA==
  dependencies:
    "@improbable-eng/grpc-web" "^0.13.0"
    "@types/google-protobuf" "^3.7.3"
    google-protobuf "^3.13.0"

"@textile/threads-client@^1.0.0":
  version "1.1.0"
  resolved "https://registry.yarnpkg.com/@textile/threads-client/-/threads-client-1.1.0.tgz#9ce78560a95fa95ae4f70fea091799742ab800e5"
  integrity sha512-c9vcUkCxEBa37dL2t5SzgdH6cckcXD1NbhCQKnA7RIqpyUZdlqhw/b6GQee37zpq4J85Cws514+P3QuHIUVqxg==
  dependencies:
    "@improbable-eng/grpc-web" "^0.13.0"
    "@textile/context" "^0.8.0"
    "@textile/crypto" "^0.1.0"
    "@textile/grpc-transport" "^0.0.6"
    "@textile/multiaddr" "^0.1.0"
    "@textile/security" "^0.4.0"
    "@textile/threads-client-grpc" "^1.0.0"
    "@textile/threads-id" "^0.1.16"
    "@types/to-json-schema" "^0.2.0"
    to-json-schema "^0.2.5"

"@textile/threads-id@^0.1.15", "@textile/threads-id@^0.1.16":
  version "0.1.16"
  resolved "https://registry.yarnpkg.com/@textile/threads-id/-/threads-id-0.1.16.tgz#093aff810abee9bf371196b93d5387f97a687e47"
  integrity sha512-7QDHNLX7yLdnZYbBCX+dxJ+Rj4s0m8msknjZ0regafZ76oG0cgfs3gPC9q9sawWS6dzdDy2W5TjDZKFbkec6Hw==
  dependencies:
    "@consento/sync-randombytes" "^1.0.4"
    "@types/multibase" "^0.6.0"
    "@types/varint" "^5.0.0"
    multibase "^1.0.1"
    varint "^6.0.0"

"@textile/users-grpc@2.1.0":
  version "2.1.0"
  resolved "https://registry.yarnpkg.com/@textile/users-grpc/-/users-grpc-2.1.0.tgz#237f4c88b4f1a485da35789d9a8dde470a03da00"
  integrity sha512-ar+NtLA0kMLt1ram9jt9XZ9gDlrbqzkCsA1tbPFMNY5os+tIrNa7uLohE27uPpgBz6/BiQTR/223zZcYpAUnow==
  dependencies:
    "@improbable-eng/grpc-web" "^0.13.0"
    "@types/google-protobuf" "^3.7.3"
    google-protobuf "^3.13.0"

"@textile/users@^1.0.1":
  version "1.0.1"
  resolved "https://registry.yarnpkg.com/@textile/users/-/users-1.0.1.tgz#d6585a5c30f16271863da3472605e3122fc3ac71"
  integrity sha512-sIrqCUTwPgANrzuP3OsQuNHhJCyoyGLuBkqVji4OshxZnrft9uLllJ9xK8wlCOf+W+02xvtcHI+jVg4632GKew==
  dependencies:
    "@improbable-eng/grpc-web" "^0.13.0"
    "@textile/buckets-grpc" "2.0.1"
    "@textile/context" "^0.7.0"
    "@textile/crypto" "^0.1.2"
    "@textile/grpc-authentication" "^0.2.3"
    "@textile/grpc-connection" "^0.1.5"
    "@textile/grpc-transport" "^0.0.5"
    "@textile/hub-grpc" "2.0.1"
    "@textile/hub-threads-client" "^1.0.1"
    "@textile/security" "^0.3.0"
    "@textile/threads-id" "^0.1.15"
    "@textile/users-grpc" "2.1.0"
    "@types/next-tick" "^1.0.0"
    cids "^0.8.0"
    event-iterator "^2.0.0"
    loglevel "^1.7.0"
    next-tick "^1.1.0"

"@types/bs58@^4.0.1":
  version "4.0.1"
  resolved "https://registry.yarnpkg.com/@types/bs58/-/bs58-4.0.1.tgz#3d51222aab067786d3bc3740a84a7f5a0effaa37"
  integrity sha512-yfAgiWgVLjFCmRv8zAcOIHywYATEwiTVccTLnRp6UxTNavT55M9d/uhK3T03St/+8/z/wW+CRjGKUNmEqoHHCA==
  dependencies:
    base-x "^3.0.6"

"@types/ed2curve@^0.2.2":
  version "0.2.2"
  resolved "https://registry.yarnpkg.com/@types/ed2curve/-/ed2curve-0.2.2.tgz#8f8bc7e2c9a5895a941c63a4f7acd7a6a62a5b15"
  integrity sha512-G1sTX5xo91ydevQPINbL2nfgVAj/s1ZiqZxC8OCWduwu+edoNGUm5JXtTkg9F3LsBZbRI46/0HES4CPUE2wc9g==
  dependencies:
    tweetnacl "^1.0.0"

"@types/google-protobuf@^3.7.3":
  version "3.7.3"
  resolved "https://registry.yarnpkg.com/@types/google-protobuf/-/google-protobuf-3.7.3.tgz#429512e541bbd777f2c867692e6335ee08d1f6d4"
  integrity sha512-FRwj40euE2bYkG+0X5w2nEA8yAzgJRcEa7RBd0Gsdkb9/tPM2pctVVAvnOUTbcXo2VmIHPo0Ae94Gl9vRHfKzg==

"@types/istanbul-lib-coverage@*", "@types/istanbul-lib-coverage@^2.0.0":
  version "2.0.3"
  resolved "https://registry.yarnpkg.com/@types/istanbul-lib-coverage/-/istanbul-lib-coverage-2.0.3.tgz#4ba8ddb720221f432e443bd5f9117fd22cfd4762"
  integrity sha512-sz7iLqvVUg1gIedBOvlkxPlc8/uVzyS5OwGz1cKjXzkl3FpL3al0crU8YGU1WoHkxn0Wxbw5tyi6hvzJKNzFsw==

"@types/istanbul-lib-report@*":
  version "3.0.0"
  resolved "https://registry.yarnpkg.com/@types/istanbul-lib-report/-/istanbul-lib-report-3.0.0.tgz#c14c24f18ea8190c118ee7562b7ff99a36552686"
  integrity sha512-plGgXAPfVKFoYfa9NpYDAkseG+g6Jr294RqeqcqDixSbU34MZVJRi/P+7Y8GDpzkEwLaGZZOpKIEmeVZNtKsrg==
  dependencies:
    "@types/istanbul-lib-coverage" "*"

"@types/istanbul-reports@^1.1.1":
  version "1.1.2"
  resolved "https://registry.yarnpkg.com/@types/istanbul-reports/-/istanbul-reports-1.1.2.tgz#e875cc689e47bce549ec81f3df5e6f6f11cfaeb2"
  integrity sha512-P/W9yOX/3oPZSpaYOCQzGqgCQRXn0FFO/V8bWrCQs+wLmvVVxk6CRBXALEvNs9OHIatlnlFokfhuDo2ug01ciw==
  dependencies:
    "@types/istanbul-lib-coverage" "*"
    "@types/istanbul-lib-report" "*"

"@types/istanbul-reports@^3.0.0":
  version "3.0.0"
  resolved "https://registry.yarnpkg.com/@types/istanbul-reports/-/istanbul-reports-3.0.0.tgz#508b13aa344fa4976234e75dddcc34925737d821"
  integrity sha512-nwKNbvnwJ2/mndE9ItP/zc2TCzw6uuodnF4EHYWD+gCQDVBuRQL5UzbZD0/ezy1iKsFU2ZQiDqg4M9dN4+wZgA==
  dependencies:
    "@types/istanbul-lib-report" "*"

"@types/jest@26.x":
  version "26.0.14"
  resolved "https://registry.yarnpkg.com/@types/jest/-/jest-26.0.14.tgz#078695f8f65cb55c5a98450d65083b2b73e5a3f3"
  integrity sha512-Hz5q8Vu0D288x3iWXePSn53W7hAjP0H7EQ6QvDO9c7t46mR0lNOLlfuwQ+JkVxuhygHzlzPX+0jKdA3ZgSh+Vg==
  dependencies:
    jest-diff "^25.2.1"
    pretty-format "^25.2.1"

"@types/json-schema@*":
  version "7.0.6"
  resolved "https://registry.yarnpkg.com/@types/json-schema/-/json-schema-7.0.6.tgz#f4c7ec43e81b319a9815115031709f26987891f0"
  integrity sha512-3c+yGKvVP5Y9TYBEibGNR+kLtijnj7mYrXRg+WpFb2X9xm04g/DXYkfg4hmzJQosc9snFNUPkbYIhu+KAm6jJw==

"@types/multiaddr@^7.2.0":
  version "7.2.0"
  resolved "https://registry.yarnpkg.com/@types/multiaddr/-/multiaddr-7.2.0.tgz#b9a678fb0928dcd51834352228928f8add63916c"
  integrity sha512-4oWyVIQjiOGIs0iApwtLSetRRBFGo2rnPQwclQFpHz6Zm0EHwyQbMcboLVJH19T8EdWKnEJ+Y62LrZ/ZNBBjbw==
  dependencies:
    "@types/node" "*"

"@types/multibase@^0.6.0":
  version "0.6.0"
  resolved "https://registry.yarnpkg.com/@types/multibase/-/multibase-0.6.0.tgz#a729395114a875918ac139ab3107866975a9329d"
  integrity sha512-PhQiA4pCcIG5yibX/G7K7mk/CXw0HTY98R+efcbbfce9WOyAGbIVqY3zv5kMm+vMAunY29aeOtQ96ePjeX417w==
  dependencies:
    "@types/node" "*"

"@types/next-tick@^1.0.0":
  version "1.0.0"
  resolved "https://registry.yarnpkg.com/@types/next-tick/-/next-tick-1.0.0.tgz#ab0e4680d31bacc5a60c962a19fe28c1cde73e83"
  integrity sha512-J9zljHWKO5EpdiJG9WHLE8Op6Zr34bTfeVw1hhRIRc9GHUVNKT0HdRUFAXOntT/ttl4BP9BJU2keR0C3pZXFdQ==

"@types/node@*":
  version "14.11.10"
  resolved "https://registry.yarnpkg.com/@types/node/-/node-14.11.10.tgz#8c102aba13bf5253f35146affbf8b26275069bef"
  integrity sha512-yV1nWZPlMFpoXyoknm4S56y2nlTAuFYaJuQtYRAOU7xA/FJ9RY0Xm7QOkaYMMmr8ESdHIuUb6oQgR/0+2NqlyA==

"@types/to-json-schema@^0.2.0":
  version "0.2.0"
  resolved "https://registry.yarnpkg.com/@types/to-json-schema/-/to-json-schema-0.2.0.tgz#6c76736449942aa8a16a522fa2d3fcfd3bcb8d15"
  integrity sha512-9fqRjNFSSxJ8dQrE4v8gThS5ftxdFj8Q0y8hAjaF+uN+saJRxLiJdtFaDd9sv3bhzwcB2oDJpT/1ZelHnexbLw==
  dependencies:
    "@types/json-schema" "*"

"@types/varint@^5.0.0":
  version "5.0.0"
  resolved "https://registry.yarnpkg.com/@types/varint/-/varint-5.0.0.tgz#f667321775101a92d5c401f87a04274282538202"
  integrity sha512-dIJiYqeDnYQ5Bc4mv+E5prqFIQlUTM1yDzwC5VQfL29pcYlm/5q1shY/MjbBT1FQAU5gzKE10DdGbu8B2EoFQg==
  dependencies:
    "@types/node" "*"

"@types/ws@^7.2.6":
  version "7.2.7"
  resolved "https://registry.yarnpkg.com/@types/ws/-/ws-7.2.7.tgz#362ad1a1d62721bdb725e72c8cccf357078cf5a3"
  integrity sha512-UUFC/xxqFLP17hTva8/lVT0SybLUrfSD9c+iapKb0fEiC8uoDbA+xuZ3pAN603eW+bY8ebSMLm9jXdIPnD0ZgA==
  dependencies:
    "@types/node" "*"

"@types/yargs-parser@*":
  version "15.0.0"
  resolved "https://registry.yarnpkg.com/@types/yargs-parser/-/yargs-parser-15.0.0.tgz#cb3f9f741869e20cce330ffbeb9271590483882d"
  integrity sha512-FA/BWv8t8ZWJ+gEOnLLd8ygxH/2UFbAvgEonyfN6yWGLKc7zVjbpl2Y4CTjid9h2RfgPP6SEt6uHwEOply00yw==

"@types/yargs@^15.0.0":
  version "15.0.9"
  resolved "https://registry.yarnpkg.com/@types/yargs/-/yargs-15.0.9.tgz#524cd7998fe810cdb02f26101b699cccd156ff19"
  integrity sha512-HmU8SeIRhZCWcnRskCs36Q1Q00KBV6Cqh/ora8WN1+22dY07AZdn6Gel8QZ3t26XYPImtcL8WV/eqjhVmMEw4g==
  dependencies:
    "@types/yargs-parser" "*"

abort-controller@^3.0.0:
  version "3.0.0"
  resolved "https://registry.yarnpkg.com/abort-controller/-/abort-controller-3.0.0.tgz#eaf54d53b62bae4138e809ca225c8439a6efb392"
  integrity sha512-h8lQ8tacZYnR3vNQTgibj+tODHI5/+l06Au2Pcriv/Gmet0eaj4TwWH41sO9wnHDiQsEj19q0drzdWdeAHtweg==
  dependencies:
    event-target-shim "^5.0.0"

ansi-regex@^4.1.0:
  version "4.1.0"
  resolved "https://registry.yarnpkg.com/ansi-regex/-/ansi-regex-4.1.0.tgz#8b9f8f08cf1acb843756a839ca8c7e3168c51997"
  integrity sha512-1apePfXM1UOSqw0o9IiFAovVz9M5S1Dg+4TrDwfMewQ6p/rmMueb7tWZjQ1rx4Loy1ArBggoqGpfqqdI4rondg==

ansi-regex@^5.0.0:
  version "5.0.0"
  resolved "https://registry.yarnpkg.com/ansi-regex/-/ansi-regex-5.0.0.tgz#388539f55179bf39339c81af30a654d69f87cb75"
  integrity sha512-bY6fj56OUQ0hU1KjFNDQuJFezqKdrAyFdIevADiqrWHwSlbmBNMHp5ak2f40Pm8JTFyM2mqxkG6ngkHO11f/lg==

ansi-styles@^4.0.0, ansi-styles@^4.1.0:
  version "4.3.0"
  resolved "https://registry.yarnpkg.com/ansi-styles/-/ansi-styles-4.3.0.tgz#edd803628ae71c04c85ae7a0906edad34b648937"
  integrity sha512-zbB9rCJAT1rbjiVDb2hqKFHNYLxgtk8NURxZ3IZwD3F6NtxbXZQCnnSi1Lkx+IDohdPlFp222wVALIheZJQSEg==
  dependencies:
    color-convert "^2.0.1"

base-x@^3.0.2, base-x@^3.0.6, base-x@^3.0.8:
  version "3.0.8"
  resolved "https://registry.yarnpkg.com/base-x/-/base-x-3.0.8.tgz#1e1106c2537f0162e8b52474a557ebb09000018d"
  integrity sha512-Rl/1AWP4J/zRrk54hhlxH4drNxPJXYUaKffODVI53/dAsV4t9fBxyxYKAVPU1XBHxYwOWP9h9H0hM2MVw4YfJA==
  dependencies:
    safe-buffer "^5.0.1"

base64-js@^1.0.2:
  version "1.3.1"
  resolved "https://registry.yarnpkg.com/base64-js/-/base64-js-1.3.1.tgz#58ece8cb75dd07e71ed08c736abc5fac4dbf8df1"
  integrity sha512-mLQ4i2QO1ytvGWFWmcngKO//JXAQueZvwEKtjgQFM4jIK0kU+ytMfplL8j+n5mspOfjHwoAg+9yhb7BwAHm36g==

bl@^4.0.0:
  version "4.0.3"
  resolved "https://registry.yarnpkg.com/bl/-/bl-4.0.3.tgz#12d6287adc29080e22a705e5764b2a9522cdc489"
  integrity sha512-fs4G6/Hu4/EE+F75J8DuN/0IpQqNjAdC7aEQv7Qt8MHGUH7Ckv2MwTEEeN9QehD0pfIDkMI1bkHYkKy7xHyKIg==
  dependencies:
    buffer "^5.5.0"
    inherits "^2.0.4"
    readable-stream "^3.4.0"

braces@^3.0.1:
  version "3.0.2"
  resolved "https://registry.yarnpkg.com/braces/-/braces-3.0.2.tgz#3454e1a462ee8d599e236df336cd9ea4f8afe107"
  integrity sha512-b8um+L1RzM3WDSzvhm6gIz1yfTbBt6YTlcEKAvsmqCZZFw46z626lVj9j1yEPW33H5H+lBQpZMP1k8l+78Ha0A==
  dependencies:
    fill-range "^7.0.1"

browser-headers@^0.4.0:
  version "0.4.1"
  resolved "https://registry.yarnpkg.com/browser-headers/-/browser-headers-0.4.1.tgz#4308a7ad3b240f4203dbb45acedb38dc2d65dd02"
  integrity sha512-CA9hsySZVo9371qEHjHZtYxV2cFtVj5Wj/ZHi8ooEsrtm4vOnl9Y9HmyYWk9q+05d7K3rdoAE0j3MVEFVvtQtg==

bs-logger@0.x:
  version "0.2.6"
  resolved "https://registry.yarnpkg.com/bs-logger/-/bs-logger-0.2.6.tgz#eb7d365307a72cf974cc6cda76b68354ad336bd8"
  integrity sha512-pd8DCoxmbgc7hyPKOvxtqNcjYoOsABPQdcCUjGp3d42VR2CX1ORhk2A87oqqu5R1kk+76nsxZupkmyd+MVtCog==
  dependencies:
    fast-json-stable-stringify "2.x"

bs58@^4.0.1:
  version "4.0.1"
  resolved "https://registry.yarnpkg.com/bs58/-/bs58-4.0.1.tgz#be161e76c354f6f788ae4071f63f34e8c4f0a42a"
  integrity sha1-vhYedsNU9veIrkBx9j806MTwpCo=
  dependencies:
    base-x "^3.0.2"

buffer-from@1.x:
  version "1.1.1"
  resolved "https://registry.yarnpkg.com/buffer-from/-/buffer-from-1.1.1.tgz#32713bc028f75c02fdb710d7c7bcec1f2c6070ef"
  integrity sha512-MQcXEUbCKtEo7bhqEs6560Hyd4XaovZlO/k9V3hjVUF/zwW7KBVdSK4gIt/bzwS9MbR5qob+F5jusZsb0YQK2A==

buffer@^5.4.3, buffer@^5.5.0, buffer@^5.6.0:
  version "5.6.0"
  resolved "https://registry.yarnpkg.com/buffer/-/buffer-5.6.0.tgz#a31749dc7d81d84db08abf937b6b8c4033f62786"
  integrity sha512-/gDYp/UtU0eA1ys8bOs9J6a+E/KWIY+DZ+Q2WESNUA0jFRsJOc0SNUO6xJ5SGA1xueg3NL65W6s+NY5l9cunuw==
  dependencies:
    base64-js "^1.0.2"
    ieee754 "^1.1.4"

chalk@^3.0.0:
  version "3.0.0"
  resolved "https://registry.yarnpkg.com/chalk/-/chalk-3.0.0.tgz#3f73c2bf526591f574cc492c51e2456349f844e4"
  integrity sha512-4D3B6Wf41KOYRFdszmDqMCGq5VV/uMAB273JILmO+3jAlh8X4qDtdtgCR3fxtbLEMzSx22QdhnDcJvu2u1fVwg==
  dependencies:
    ansi-styles "^4.1.0"
    supports-color "^7.1.0"

chalk@^4.0.0:
  version "4.1.0"
  resolved "https://registry.yarnpkg.com/chalk/-/chalk-4.1.0.tgz#4e14870a618d9e2edd97dd8345fd9d9dc315646a"
  integrity sha512-qwx12AxXe2Q5xQ43Ac//I6v5aXTipYrSESdOgzrN+9XjgEpyjpKuvSGaN4qE93f7TQTlerQQ8S+EQ0EyDoVL1A==
  dependencies:
    ansi-styles "^4.1.0"
    supports-color "^7.1.0"

ci-info@^2.0.0:
  version "2.0.0"
  resolved "https://registry.yarnpkg.com/ci-info/-/ci-info-2.0.0.tgz#67a9e964be31a51e15e5010d58e6f12834002f46"
  integrity sha512-5tK7EtrZ0N+OLFMthtqOj4fI2Jeb88C4CAZPu25LDVUgXJ0A3Js4PMGqrn0JU1W0Mh1/Z8wZzYPxqUrXeBboCQ==

cids@^0.8.0, cids@~0.8.0:
  version "0.8.3"
  resolved "https://registry.yarnpkg.com/cids/-/cids-0.8.3.tgz#aaf48ac8ed857c3d37dad94d8db1d8c9407b92db"
  integrity sha512-yoXTbV3llpm+EBGWKeL9xKtksPE/s6DPoDSY4fn8I8TEW1zehWXPSB0pwAXVDlLaOlrw+sNynj995uD9abmPhA==
  dependencies:
    buffer "^5.6.0"
    class-is "^1.1.0"
    multibase "^1.0.0"
    multicodec "^1.0.1"
    multihashes "^1.0.1"

cids@^1.0.1:
  version "1.0.2"
  resolved "https://registry.yarnpkg.com/cids/-/cids-1.0.2.tgz#04ebadd65e5600a07feb16db594160f087c6eab3"
  integrity sha512-ohCcYyEHh0Z5Hl+O1IML4kt6Kx5GPho1ybxtqK4zyk6DeV5CvOLoT/mqDh0cgKcAvsls3vcVa9HjZc7RQr3geA==
  dependencies:
    class-is "^1.1.0"
    multibase "^3.0.1"
    multicodec "^2.0.1"
    multihashes "^3.0.1"
    uint8arrays "^1.1.0"

class-is@^1.1.0:
  version "1.1.0"
  resolved "https://registry.yarnpkg.com/class-is/-/class-is-1.1.0.tgz#9d3c0fba0440d211d843cec3dedfa48055005825"
  integrity sha512-rhjH9AG1fvabIDoGRVH587413LPjTZgmDF9fOFCbFJQV4yuocX1mHxxvXI4g3cGwbVY9wAYIoKlg1N79frJKQw==

color-convert@^2.0.1:
  version "2.0.1"
  resolved "https://registry.yarnpkg.com/color-convert/-/color-convert-2.0.1.tgz#72d3a68d598c9bdb3af2ad1e84f21d896abd4de3"
  integrity sha512-RRECPsj7iu/xb5oKYcsFHSppFNnsj/52OVTRKb4zP5onXwVF3zVmmToNcOfGC+CRDpfK/U584fMg38ZHCaElKQ==
  dependencies:
    color-name "~1.1.4"

color-name@~1.1.4:
  version "1.1.4"
  resolved "https://registry.yarnpkg.com/color-name/-/color-name-1.1.4.tgz#c2a09a87acbde69543de6f63fa3995c826c536a2"
  integrity sha512-dOy+3AuW3a2wNbZHIuMZpTcgjGuLU/uBL/ubcZF9OXbDo8ff4O8yVp5Bf0efS8uEoYo5q4Fx7dY9OgQGXgAsQA==

diff-sequences@^25.2.6:
  version "25.2.6"
  resolved "https://registry.yarnpkg.com/diff-sequences/-/diff-sequences-25.2.6.tgz#5f467c00edd35352b7bca46d7927d60e687a76dd"
  integrity sha512-Hq8o7+6GaZeoFjtpgvRBUknSXNeJiCx7V9Fr94ZMljNiCr9n9L8H8aJqgWOQiDDGdyn29fRNcDdRVJ5fdyihfg==

ed2curve@^0.3.0:
  version "0.3.0"
  resolved "https://registry.yarnpkg.com/ed2curve/-/ed2curve-0.3.0.tgz#322b575152a45305429d546b071823a93129a05d"
  integrity sha512-8w2fmmq3hv9rCrcI7g9hms2pMunQr1JINfcjwR9tAyZqhtyaMN991lF/ZfHfr5tzZQ8c7y7aBgZbjfbd0fjFwQ==
  dependencies:
    tweetnacl "1.x.x"

event-iterator@^2.0.0:
  version "2.0.0"
  resolved "https://registry.yarnpkg.com/event-iterator/-/event-iterator-2.0.0.tgz#10f06740cc1e9fd6bc575f334c2bc1ae9d2dbf62"
  integrity sha512-KGft0ldl31BZVV//jj+IAIGCxkvvUkkON+ScH6zfoX+l+omX6001ggyRSpI0Io2Hlro0ThXotswCtfzS8UkIiQ==

event-target-shim@^5.0.0:
  version "5.0.1"
  resolved "https://registry.yarnpkg.com/event-target-shim/-/event-target-shim-5.0.1.tgz#5d4d3ebdf9583d63a5333ce2deb7480ab2b05789"
  integrity sha512-i/2XbnSz/uxRCU6+NdVJgKWDTM427+MqYbkQzD321DuCQJUqOuJKIA0IM2+W2xtYHdKOmZ4dR6fExsd4SXL+WQ==

fast-json-stable-stringify@2.x:
  version "2.1.0"
  resolved "https://registry.yarnpkg.com/fast-json-stable-stringify/-/fast-json-stable-stringify-2.1.0.tgz#874bf69c6f404c2b5d99c481341399fd55892633"
  integrity sha512-lhd/wF+Lk98HZoTCtlVraHtfh5XYijIjalXck7saUtuanSDyLMxnHhSXEDJqHxD7msR8D0uCmqlkwjCV8xvwHw==

fast-sha256@^1.3.0:
  version "1.3.0"
  resolved "https://registry.yarnpkg.com/fast-sha256/-/fast-sha256-1.3.0.tgz#7916ba2054eeb255982608cccd0f6660c79b7ae6"
  integrity sha512-n11RGP/lrWEFI/bWdygLxhI+pVeo1ZYIVwvvPkW7azl/rOy+F3HYRZ2K5zeE9mmkhQppyv9sQFx0JM9UabnpPQ==

fill-range@^7.0.1:
  version "7.0.1"
  resolved "https://registry.yarnpkg.com/fill-range/-/fill-range-7.0.1.tgz#1919a6a7c75fe38b2c7c77e5198535da9acdda40"
  integrity sha512-qOo9F+dMUmC2Lcb4BbVvnKJxTPjCm+RRpe4gDuGrzkL7mEVl/djYSu2OdQ2Pa302N4oqkSg9ir6jaLWJ2USVpQ==
  dependencies:
    to-regex-range "^5.0.1"

google-protobuf@^3.13.0:
  version "3.13.0"
  resolved "https://registry.yarnpkg.com/google-protobuf/-/google-protobuf-3.13.0.tgz#909c5983d75dd6101ed57c79e0528d000cdc3251"
  integrity sha512-ZIf3qfLFayVrPvAjeKKxO5FRF1/NwRxt6Dko+fWEMuHwHbZx8/fcaAao9b0wCM6kr8qeg2te8XTpyuvKuD9aKw==

graceful-fs@^4.2.4:
  version "4.2.4"
  resolved "https://registry.yarnpkg.com/graceful-fs/-/graceful-fs-4.2.4.tgz#2256bde14d3632958c465ebc96dc467ca07a29fb"
  integrity sha512-WjKPNJF79dtJAVniUlGGWHYGz2jWxT6VhN/4m1NdkbZ2nOsEF+cI1Edgql5zCRhs/VsQYRvrXctxktVXZUkixw==

has-flag@^4.0.0:
  version "4.0.0"
  resolved "https://registry.yarnpkg.com/has-flag/-/has-flag-4.0.0.tgz#944771fd9c81c81265c4d6941860da06bb59479b"
  integrity sha512-EykJT/Q1KjTWctppgIAgfSO0tKVuZUjhgMr17kqTumMl6Afv3EISleU7qZUzoXDFTAHTDC4NOoG/ZxU3EvlMPQ==

ieee754@^1.1.4:
  version "1.1.13"
  resolved "https://registry.yarnpkg.com/ieee754/-/ieee754-1.1.13.tgz#ec168558e95aa181fd87d37f55c32bbcb6708b84"
  integrity sha512-4vf7I2LYV/HaWerSo3XmlMkp5eZ83i+/CDluXi/IGTs/O1sejBNhTtnxzmRZfvOUqj7lZjqHkeTvpgSFDlWZTg==

inherits@^2.0.3, inherits@^2.0.4:
  version "2.0.4"
  resolved "https://registry.yarnpkg.com/inherits/-/inherits-2.0.4.tgz#0fa2c64f932917c3433a0ded55363aae37416b7c"
  integrity sha512-k/vGaX4/Yla3WzyMCvTQOXYeIHvqOKtnqBduzTHpzpQZzAskKMhZ2K+EnBiSM9zGSoIFeMpXKxa4dYeZIQqewQ==

ip-regex@^4.0.0:
  version "4.2.0"
  resolved "https://registry.yarnpkg.com/ip-regex/-/ip-regex-4.2.0.tgz#a03f5eb661d9a154e3973a03de8b23dd0ad6892e"
  integrity sha512-n5cDDeTWWRwK1EBoWwRti+8nP4NbytBBY0pldmnIkq6Z55KNFmWofh4rl9dPZpj+U/nVq7gweR3ylrvMt4YZ5A==

is-ci@^2.0.0:
  version "2.0.0"
  resolved "https://registry.yarnpkg.com/is-ci/-/is-ci-2.0.0.tgz#6bc6334181810e04b5c22b3d589fdca55026404c"
  integrity sha512-YfJT7rkpQB0updsdHLGWrvhBJfcfzNNawYDNIyQXJz0IViGf75O8EBPKSdvw2rF+LGCsX4FZ8tcr3b19LcZq4w==
  dependencies:
    ci-info "^2.0.0"

is-ip@^3.1.0:
  version "3.1.0"
  resolved "https://registry.yarnpkg.com/is-ip/-/is-ip-3.1.0.tgz#2ae5ddfafaf05cb8008a62093cf29734f657c5d8"
  integrity sha512-35vd5necO7IitFPjd/YBeqwWnyDWbuLH9ZXQdMfDA8TEo7pv5X8yfrvVO3xbJbLUlERCMvf6X0hTUamQxCYJ9Q==
  dependencies:
    ip-regex "^4.0.0"

is-number@^7.0.0:
  version "7.0.0"
  resolved "https://registry.yarnpkg.com/is-number/-/is-number-7.0.0.tgz#7535345b896734d5f80c4d06c50955527a14f12b"
  integrity sha512-41Cifkg6e8TylSpdtTpeLVMqvSBEVzTttHvERD741+pnZ8ANv0004MRL43QKPDlK9cGvNp6NZWZUBlbGXYxxng==

isomorphic-ws@^4.0.1:
  version "4.0.1"
  resolved "https://registry.yarnpkg.com/isomorphic-ws/-/isomorphic-ws-4.0.1.tgz#55fd4cd6c5e6491e76dc125938dd863f5cd4f2dc"
  integrity sha512-BhBvN2MBpWTaSHdWRb/bwdZJ1WaehQ2L1KngkCkfLUGF0mAWAT1sQUQacEmQ0jXkFw/czDXPNQSL5u2/Krsz1w==

it-block@^2.0.0:
  version "2.0.0"
  resolved "https://registry.yarnpkg.com/it-block/-/it-block-2.0.0.tgz#4c8cc4d5bffc41ed1319186b7c246c3158db3346"
  integrity sha512-WdmIlSHUP7ErMI10I9LusNEEaFiZbWqK4OU06Pfi/GIJtMrwM2zWYNJOq0aKajFBWDEqL0oPAP/AyIKhkdbLYA==
  dependencies:
    bl "^4.0.0"
    it-pipe "^1.0.1"

it-pipe@^1.0.1:
  version "1.1.0"
  resolved "https://registry.yarnpkg.com/it-pipe/-/it-pipe-1.1.0.tgz#f5964c6bb785dd776f11a62d1e75964787ab95ce"
  integrity sha512-lF0/3qTVeth13TOnHVs0BTFaziwQF7m5Gg+E6JV0BXcLKutC92YjSi7bASgkPOXaLEb+YvNZrPorGMBIJvZfxg==

jest-diff@^25.2.1:
  version "25.5.0"
  resolved "https://registry.yarnpkg.com/jest-diff/-/jest-diff-25.5.0.tgz#1dd26ed64f96667c068cef026b677dfa01afcfa9"
  integrity sha512-z1kygetuPiREYdNIumRpAHY6RXiGmp70YHptjdaxTWGmA085W3iCnXNx0DhflK3vwrKmrRWyY1wUpkPMVxMK7A==
  dependencies:
    chalk "^3.0.0"
    diff-sequences "^25.2.6"
    jest-get-type "^25.2.6"
    pretty-format "^25.5.0"

jest-get-type@^25.2.6:
  version "25.2.6"
  resolved "https://registry.yarnpkg.com/jest-get-type/-/jest-get-type-25.2.6.tgz#0b0a32fab8908b44d508be81681487dbabb8d877"
  integrity sha512-DxjtyzOHjObRM+sM1knti6or+eOgcGU4xVSb2HNP1TqO4ahsT+rqZg+nyqHWJSvWgKC5cG3QjGFBqxLghiF/Ig==

jest-junit@^11.1.0:
  version "11.1.0"
  resolved "https://registry.yarnpkg.com/jest-junit/-/jest-junit-11.1.0.tgz#79cd53948e44d62b2b30fa23ea0d7a899d2c8d7a"
  integrity sha512-c2LFOyKY7+ZxL5zSu+WHmHfsJ2wqbOpeYJ4Uu26yMhFxny2J2NQj6AVS7M+Eaxji9Q/oIDDK5tQy0DGzDp9xOw==
  dependencies:
    mkdirp "^1.0.4"
    strip-ansi "^5.2.0"
    uuid "^3.3.3"
    xml "^1.0.1"

jest-util@^26.1.0:
  version "26.5.2"
  resolved "https://registry.yarnpkg.com/jest-util/-/jest-util-26.5.2.tgz#8403f75677902cc52a1b2140f568e91f8ed4f4d7"
  integrity sha512-WTL675bK+GSSAYgS8z9FWdCT2nccO1yTIplNLPlP0OD8tUk/H5IrWKMMRudIQQ0qp8bb4k+1Qa8CxGKq9qnYdg==
  dependencies:
    "@jest/types" "^26.5.2"
    "@types/node" "*"
    chalk "^4.0.0"
    graceful-fs "^4.2.4"
    is-ci "^2.0.0"
    micromatch "^4.0.2"

json5@2.x:
  version "2.1.3"
  resolved "https://registry.yarnpkg.com/json5/-/json5-2.1.3.tgz#c9b0f7fa9233bfe5807fe66fcf3a5617ed597d43"
  integrity sha512-KXPvOm8K9IJKFM0bmdn8QXh7udDh1g/giieX0NLCaMnb4hEiVFqnop2ImTXCc5e0/oHz3LTqmHGtExn5hfMkOA==
  dependencies:
    minimist "^1.2.5"

lodash.isequal@^4.5.0:
  version "4.5.0"
  resolved "https://registry.yarnpkg.com/lodash.isequal/-/lodash.isequal-4.5.0.tgz#415c4478f2bcc30120c22ce10ed3226f7d3e18e0"
  integrity sha1-QVxEePK8wwEgwizhDtMib30+GOA=

lodash.keys@^4.2.0:
  version "4.2.0"
  resolved "https://registry.yarnpkg.com/lodash.keys/-/lodash.keys-4.2.0.tgz#a08602ac12e4fb83f91fc1fb7a360a4d9ba35205"
  integrity sha1-oIYCrBLk+4P5H8H7ejYKTZujUgU=

lodash.memoize@4.x:
  version "4.1.2"
  resolved "https://registry.yarnpkg.com/lodash.memoize/-/lodash.memoize-4.1.2.tgz#bcc6c49a42a2840ed997f323eada5ecd182e0bfe"
  integrity sha1-vMbEmkKihA7Zl/Mj6tpezRguC/4=

lodash.merge@^4.6.2:
  version "4.6.2"
  resolved "https://registry.yarnpkg.com/lodash.merge/-/lodash.merge-4.6.2.tgz#558aa53b43b661e1925a0afdfa36a9a1085fe57a"
  integrity sha512-0KpjqXRVvrYyCsX1swR/XTK0va6VQkQM6MNo7PqW77ByjAhoARA8EfrP1N4+KlKj8YS0ZUCtRT/YUuhyYDujIQ==

lodash.omit@^4.5.0:
  version "4.5.0"
  resolved "https://registry.yarnpkg.com/lodash.omit/-/lodash.omit-4.5.0.tgz#6eb19ae5a1ee1dd9df0b969e66ce0b7fa30b5e60"
  integrity sha1-brGa5aHuHdnfC5aeZs4Lf6MLXmA=

lodash.without@^4.4.0:
  version "4.4.0"
  resolved "https://registry.yarnpkg.com/lodash.without/-/lodash.without-4.4.0.tgz#3cd4574a00b67bae373a94b748772640507b7aac"
  integrity sha1-PNRXSgC2e643OpS3SHcmQFB7eqw=

lodash.xor@^4.5.0:
  version "4.5.0"
  resolved "https://registry.yarnpkg.com/lodash.xor/-/lodash.xor-4.5.0.tgz#4d48ed7e98095b0632582ba714d3ff8ae8fb1db6"
  integrity sha1-TUjtfpgJWwYyWCunFNP/iuj7HbY=

loglevel@^1.6.6, loglevel@^1.6.8, loglevel@^1.7.0:
  version "1.7.0"
  resolved "https://registry.yarnpkg.com/loglevel/-/loglevel-1.7.0.tgz#728166855a740d59d38db01cf46f042caa041bb0"
  integrity sha512-i2sY04nal5jDcagM3FMfG++T69GEEM8CYuOfeOIvmXzOIcwE9a/CJPR0MFM97pYMj/u10lzz7/zd7+qwhrBTqQ==

make-error@1.x:
  version "1.3.6"
  resolved "https://registry.yarnpkg.com/make-error/-/make-error-1.3.6.tgz#2eb2e37ea9b67c4891f684a1394799af484cf7a2"
  integrity sha512-s8UhlNe7vPKomQhC1qFelMokr/Sc3AgNbso3n74mVPA5LTZwkB9NlXf4XPamLxJE8h0gh73rM94xvwRT2CVInw==

micromatch@^4.0.2:
  version "4.0.2"
  resolved "https://registry.yarnpkg.com/micromatch/-/micromatch-4.0.2.tgz#4fcb0999bf9fbc2fcbdd212f6d629b9a56c39259"
  integrity sha512-y7FpHSbMUMoyPbYUSzO6PaZ6FyRnQOpHuKwbo1G+Knck95XVU4QAiKdGEnj5wwoS7PlOgthX/09u5iFJ+aYf5Q==
  dependencies:
    braces "^3.0.1"
    picomatch "^2.0.5"

minimist@^1.2.5:
  version "1.2.5"
  resolved "https://registry.yarnpkg.com/minimist/-/minimist-1.2.5.tgz#67d66014b66a6a8aaa0c083c5fd58df4e4e97602"
  integrity sha512-FM9nNUYrRBAELZQT3xeZQ7fmMOBg6nWNmJKTcgsJeaLstP/UODVpGsr5OhXhhXg6f+qtJ8uiZ+PUxkDWcgIXLw==

mkdirp@1.x, mkdirp@^1.0.4:
  version "1.0.4"
  resolved "https://registry.yarnpkg.com/mkdirp/-/mkdirp-1.0.4.tgz#3eb5ed62622756d79a5f0e2a221dfebad75c2f7e"
  integrity sha512-vVqVZQyf3WLx2Shd0qJ9xuvqgAyKPLAiqITEtqW0oIUjzo3PePDd6fW9iFz30ef7Ysp/oiWqbhszeGWW2T6Gzw==

multiaddr@^7.4.2:
  version "7.5.0"
  resolved "https://registry.yarnpkg.com/multiaddr/-/multiaddr-7.5.0.tgz#976c88e256e512263445ab03b3b68c003d5f485e"
  integrity sha512-GvhHsIGDULh06jyb6ev+VfREH9evJCFIRnh3jUt9iEZ6XDbyoisZRFEI9bMvK/AiR6y66y6P+eoBw9mBYMhMvw==
  dependencies:
    buffer "^5.5.0"
    cids "~0.8.0"
    class-is "^1.1.0"
    is-ip "^3.1.0"
    multibase "^0.7.0"
    varint "^5.0.0"

multibase@^0.7.0:
  version "0.7.0"
  resolved "https://registry.yarnpkg.com/multibase/-/multibase-0.7.0.tgz#1adfc1c50abe05eefeb5091ac0c2728d6b84581b"
  integrity sha512-TW8q03O0f6PNFTQDvh3xxH03c8CjGaaYrjkl9UQPG6rz53TQzzxJVCIWVjzcbN/Q5Y53Zd0IBQBMVktVgNx4Fg==
  dependencies:
    base-x "^3.0.8"
    buffer "^5.5.0"

multibase@^1.0.0, multibase@^1.0.1:
  version "1.0.1"
  resolved "https://registry.yarnpkg.com/multibase/-/multibase-1.0.1.tgz#4adbe1de0be8a1ab0274328b653c3f1903476724"
  integrity sha512-KcCxpBVY8fdVKu4dJMAahq4F/2Z/9xqEjIiR7PiMe7LRGeorFn2NLmicN6nLBCqQvft6MG2Lc9X5P0IdyvnxEw==
  dependencies:
    base-x "^3.0.8"
    buffer "^5.5.0"

multibase@^3.0.0, multibase@^3.0.1:
  version "3.0.1"
  resolved "https://registry.yarnpkg.com/multibase/-/multibase-3.0.1.tgz#31e8b0de5b2fd5f7dc9f04dddf0a4fcc667284bf"
  integrity sha512-MRU5WpnSg81/vYO977MweoeUAxBdXl7+F5Af2Es+X6Vcgfk/g/EjIqXTgm3kb+xO3m1Kzr+aIV14oRX7nv5Z9w==
  dependencies:
    "@multiformats/base-x" "^4.0.1"
    web-encoding "^1.0.2"

multicodec@^1.0.1:
  version "1.0.4"
  resolved "https://registry.yarnpkg.com/multicodec/-/multicodec-1.0.4.tgz#46ac064657c40380c28367c90304d8ed175a714f"
  integrity sha512-NDd7FeS3QamVtbgfvu5h7fd1IlbaC4EQ0/pgU4zqE2vdHCmBGsUa0TiM8/TdSeG6BMPC92OOCf8F1ocE/Wkrrg==
  dependencies:
    buffer "^5.6.0"
    varint "^5.0.0"

multicodec@^2.0.1:
  version "2.0.1"
  resolved "https://registry.yarnpkg.com/multicodec/-/multicodec-2.0.1.tgz#0971bbef83fcb354315c837c9a3f3e2e422af371"
  integrity sha512-YDYeWn9iGa76hOHAyyZa0kbt3tr5FLg1ZXUHrZUJltjnxxdbTIbHnxWLd2zTcMOjdT3QyO+Xs4bQgJUcC2RWUA==
  dependencies:
    uint8arrays "1.0.0"
    varint "^5.0.0"

multihashes@0.4.19:
  version "0.4.19"
  resolved "https://registry.yarnpkg.com/multihashes/-/multihashes-0.4.19.tgz#d7493cf028e48747122f350908ea13d12d204813"
  integrity sha512-ej74GAfA20imjj00RO5h34aY3pGUFyzn9FJZFWwdeUHlHTkKmv90FrNpvYT4jYf1XXCy5O/5EjVnxTaESgOM6A==
  dependencies:
    buffer "^5.5.0"
    multibase "^0.7.0"
    varint "^5.0.0"

multihashes@^1.0.1:
  version "1.0.1"
  resolved "https://registry.yarnpkg.com/multihashes/-/multihashes-1.0.1.tgz#a89415d68283cf6287c6e219e304e75ce7fb73fe"
  integrity sha512-S27Tepg4i8atNiFaU5ZOm3+gl3KQlUanLs/jWcBxQHFttgq+5x1OgbQmf2d8axJ/48zYGBd/wT9d723USMFduw==
  dependencies:
    buffer "^5.6.0"
    multibase "^1.0.1"
    varint "^5.0.0"

multihashes@^3.0.1:
  version "3.0.1"
  resolved "https://registry.yarnpkg.com/multihashes/-/multihashes-3.0.1.tgz#607c243d5e04ec022ac76c9c114e08416216f019"
  integrity sha512-fFY67WOtb0359IjDZxaCU3gJILlkwkFbxbwrK9Bej5+NqNaYztzLOj8/NgMNMg/InxmhK+Uu8S/U4EcqsHzB7Q==
  dependencies:
    multibase "^3.0.0"
    uint8arrays "^1.0.0"
    varint "^5.0.0"

next-tick@^1.1.0:
  version "1.1.0"
  resolved "https://registry.yarnpkg.com/next-tick/-/next-tick-1.1.0.tgz#1836ee30ad56d67ef281b22bd199f709449b35eb"
  integrity sha512-CXdUiJembsNjuToQvxayPZF9Vqht7hewsvy2sOWafLvi2awflj9mOC6bHIg50orX8IJvWKY9wYQ/zB2kogPslQ==

picomatch@^2.0.5:
  version "2.2.2"
  resolved "https://registry.yarnpkg.com/picomatch/-/picomatch-2.2.2.tgz#21f333e9b6b8eaff02468f5146ea406d345f4dad"
  integrity sha512-q0M/9eZHzmr0AulXyPwNfZjtwZ/RBZlbN3K3CErVrk50T2ASYI7Bye0EvekFY3IP1Nt2DHu0re+V2ZHIpMkuWg==

pretty-format@^25.2.1, pretty-format@^25.5.0:
  version "25.5.0"
  resolved "https://registry.yarnpkg.com/pretty-format/-/pretty-format-25.5.0.tgz#7873c1d774f682c34b8d48b6743a2bf2ac55791a"
  integrity sha512-kbo/kq2LQ/A/is0PQwsEHM7Ca6//bGPPvU6UnsdDRSKTWxT/ru/xb88v4BJf6a69H+uTytOEsTusT9ksd/1iWQ==
  dependencies:
    "@jest/types" "^25.5.0"
    ansi-regex "^5.0.0"
    ansi-styles "^4.0.0"
    react-is "^16.12.0"

react-is@^16.12.0:
  version "16.13.1"
  resolved "https://registry.yarnpkg.com/react-is/-/react-is-16.13.1.tgz#789729a4dc36de2999dc156dd6c1d9c18cea56a4"
  integrity sha512-24e6ynE2H+OKt4kqsOvNd8kBpV65zoxbA4BVsEOB3ARVWQki/DHzaUoC5KuON/BiccDaCCTZBuOcfZs70kR8bQ==

readable-stream@^3.4.0:
  version "3.6.0"
  resolved "https://registry.yarnpkg.com/readable-stream/-/readable-stream-3.6.0.tgz#337bbda3adc0706bd3e024426a286d4b4b2c9198"
  integrity sha512-BViHy7LKeTz4oNnkcLJ+lVSL6vpiFeX6/d3oSH8zCW7UxP2onchk+vTGB143xuFjHS3deTgkKoXXymXqymiIdA==
  dependencies:
    inherits "^2.0.3"
    string_decoder "^1.1.1"
    util-deprecate "^1.0.1"

safe-buffer@^5.0.1, safe-buffer@~5.2.0:
  version "5.2.1"
  resolved "https://registry.yarnpkg.com/safe-buffer/-/safe-buffer-5.2.1.tgz#1eaf9fa9bdb1fdd4ec75f58f9cdb4e6b7827eec6"
  integrity sha512-rp3So07KcdmmKbGvgaNxQSJr7bGVSVk5S9Eq1F+ppbRo70+YeaDxkw5Dd8NPN+GD6bjnYm2VuPuCXmpuYvmCXQ==

seedrandom@^3.0.5:
  version "3.0.5"
  resolved "https://registry.yarnpkg.com/seedrandom/-/seedrandom-3.0.5.tgz#54edc85c95222525b0c7a6f6b3543d8e0b3aa0a7"
  integrity sha512-8OwmbklUNzwezjGInmZ+2clQmExQPvomqjL7LFqOYqtmuxRgQYqOD3mHaU+MvZn5FLUeVxVfQjwLZW/n/JFuqg==

semver@7.x:
  version "7.3.2"
  resolved "https://registry.yarnpkg.com/semver/-/semver-7.3.2.tgz#604962b052b81ed0786aae84389ffba70ffd3938"
  integrity sha512-OrOb32TeeambH6UrhtShmF7CRDqhL6/5XpPNp2DuRH6+9QLw/orhp72j87v8Qa1ScDkvrrBNpZcDejAirJmfXQ==

string_decoder@^1.1.1:
  version "1.3.0"
  resolved "https://registry.yarnpkg.com/string_decoder/-/string_decoder-1.3.0.tgz#42f114594a46cf1a8e30b0a84f56c78c3edac21e"
  integrity sha512-hkRX8U1WjJFd8LsDJ2yQ/wWWxaopEsABU1XfkM8A+j0+85JAGppt16cr1Whg6KIbb4okU6Mql6BOj+uup/wKeA==
  dependencies:
    safe-buffer "~5.2.0"

strip-ansi@^5.2.0:
  version "5.2.0"
  resolved "https://registry.yarnpkg.com/strip-ansi/-/strip-ansi-5.2.0.tgz#8c9a536feb6afc962bdfa5b104a5091c1ad9c0ae"
  integrity sha512-DuRs1gKbBqsMKIZlrffwlug8MHkcnpjs5VPmL1PAh+mA30U0DTotfDZ0d2UUsXpPmPmMMJ6W773MaA3J+lbiWA==
  dependencies:
    ansi-regex "^4.1.0"

supports-color@^7.1.0:
  version "7.2.0"
  resolved "https://registry.yarnpkg.com/supports-color/-/supports-color-7.2.0.tgz#1b7dcdcb32b8138801b3e478ba6a51caa89648da"
  integrity sha512-qpCAvRl9stuOHveKsn7HncJRvv501qIacKzQlO/+Lwxc9+0q2wLyv4Dfvt80/DPn2pqOBsJdDiogXGR9+OvwRw==
  dependencies:
    has-flag "^4.0.0"

textile-repository@^0.1.0:
  version "0.1.0"
  resolved "https://registry.yarnpkg.com/textile-repository/-/textile-repository-0.1.0.tgz#ee3905efa6d4f9d11d0e0f0371a168a3ff331d58"
  integrity sha512-i7NRuESg2MgafQNtVwiQOWtaqUKGTU8VpfSyhrJUGMJuyfBViPadqlOn9CjeWepKRpdjcqQqEbNwR3OYuDtZ7w==
  dependencies:
    "@textile/hub" "^1.1.1"

to-json-schema@^0.2.5:
  version "0.2.5"
  resolved "https://registry.yarnpkg.com/to-json-schema/-/to-json-schema-0.2.5.tgz#ef3c3f11ad64460dcfbdbafd0fd525d69d62a98f"
  integrity sha512-jP1ievOee8pec3tV9ncxLSS48Bnw7DIybgy112rhMCEhf3K4uyVNZZHr03iQQBzbV5v5Hos+dlZRRyk6YSMNDw==
  dependencies:
    lodash.isequal "^4.5.0"
    lodash.keys "^4.2.0"
    lodash.merge "^4.6.2"
    lodash.omit "^4.5.0"
    lodash.without "^4.4.0"
    lodash.xor "^4.5.0"

to-regex-range@^5.0.1:
  version "5.0.1"
  resolved "https://registry.yarnpkg.com/to-regex-range/-/to-regex-range-5.0.1.tgz#1648c44aae7c8d988a326018ed72f5b4dd0392e4"
  integrity sha512-65P7iz6X5yEr1cwcgvQxbbIw7Uk3gOy5dIdtZ4rDveLqhrdJP+Li/Hx6tyK0NEb+2GCyneCMJiGqrADCSNk8sQ==
  dependencies:
    is-number "^7.0.0"

ts-jest@^26.4.1:
  version "26.4.1"
  resolved "https://registry.yarnpkg.com/ts-jest/-/ts-jest-26.4.1.tgz#08ec0d3fc2c3a39e4a46eae5610b69fafa6babd0"
  integrity sha512-F4aFq01aS6mnAAa0DljNmKr/Kk9y4HVZ1m6/rtJ0ED56cuxINGq3Q9eVAh+z5vcYKe5qnTMvv90vE8vUMFxomg==
  dependencies:
    "@types/jest" "26.x"
    bs-logger "0.x"
    buffer-from "1.x"
    fast-json-stable-stringify "2.x"
    jest-util "^26.1.0"
    json5 "2.x"
    lodash.memoize "4.x"
    make-error "1.x"
    mkdirp "1.x"
    semver "7.x"
    yargs-parser "20.x"

tweetnacl@1.x.x, tweetnacl@^1.0.0, tweetnacl@^1.0.3:
  version "1.0.3"
  resolved "https://registry.yarnpkg.com/tweetnacl/-/tweetnacl-1.0.3.tgz#ac0af71680458d8a6378d0d0d050ab1407d35596"
  integrity sha512-6rt+RN7aOi1nGMyC4Xa5DdYiukl2UWCbcJft7YhxReBGQD7OAM8Pbxw6YMo4r2diNEA8FEmu32YOn9rhaiE5yw==

typescript@^4.0.3:
  version "4.0.3"
  resolved "https://registry.yarnpkg.com/typescript/-/typescript-4.0.3.tgz#153bbd468ef07725c1df9c77e8b453f8d36abba5"
  integrity sha512-tEu6DGxGgRJPb/mVPIZ48e69xCn2yRmCgYmDugAVwmJ6o+0u1RI18eO7E7WBTLYLaEVVOhwQmcdhQHweux/WPg==

uint8arrays@1.0.0:
  version "1.0.0"
  resolved "https://registry.yarnpkg.com/uint8arrays/-/uint8arrays-1.0.0.tgz#9cf979517f85c32d6ef54adf824e3499bb715331"
  integrity sha512-14tqEVujDREW7YwonSZZwLvo7aFDfX7b6ubvM/U7XvZol+CC/LbhaX/550VlWmhddAL9Wou1sxp0Of3tGqXigg==
  dependencies:
    multibase "^3.0.0"
    web-encoding "^1.0.2"

uint8arrays@^1.0.0, uint8arrays@^1.1.0:
  version "1.1.0"
  resolved "https://registry.yarnpkg.com/uint8arrays/-/uint8arrays-1.1.0.tgz#d034aa65399a9fd213a1579e323f0b29f67d0ed2"
  integrity sha512-cLdlZ6jnFczsKf5IH1gPHTtcHtPGho5r4CvctohmQjw8K7Q3gFdfIGHxSTdTaCKrL4w09SsPRJTqRS0drYeszA==
  dependencies:
    multibase "^3.0.0"
    web-encoding "^1.0.2"

util-deprecate@^1.0.1:
  version "1.0.2"
  resolved "https://registry.yarnpkg.com/util-deprecate/-/util-deprecate-1.0.2.tgz#450d4dc9fa70de732762fbd2d4a28981419a0ccf"
  integrity sha1-RQ1Nyfpw3nMnYvvS1KKJgUGaDM8=

uuid@^3.3.3:
  version "3.4.0"
  resolved "https://registry.yarnpkg.com/uuid/-/uuid-3.4.0.tgz#b23e4358afa8a202fe7a100af1f5f883f02007ee"
  integrity sha512-HjSDRw6gZE5JMggctHBcjVak08+KEVhSIiDzFnT9S9aegmp85S/bReBVTb4QTFaRNptJ9kuYaNhnbNEOkbKb/A==

varint@^5.0.0:
  version "5.0.2"
  resolved "https://registry.yarnpkg.com/varint/-/varint-5.0.2.tgz#5b47f8a947eb668b848e034dcfa87d0ff8a7f7a4"
  integrity sha512-lKxKYG6H03yCZUpAGOPOsMcGxd1RHCu1iKvEHYDPmTyq2HueGhD73ssNBqqQWfvYs04G9iUFRvmAVLW20Jw6ow==

varint@^6.0.0:
  version "6.0.0"
  resolved "https://registry.yarnpkg.com/varint/-/varint-6.0.0.tgz#9881eb0ce8feaea6512439d19ddf84bf551661d0"
  integrity sha512-cXEIW6cfr15lFv563k4GuVuW/fiwjknytD37jIOLSdSWuOI6WnO/oKwmP2FQTU2l01LP8/M5TSAJpzUaGe3uWg==

web-encoding@^1.0.2:
  version "1.0.4"
  resolved "https://registry.yarnpkg.com/web-encoding/-/web-encoding-1.0.4.tgz#0398d39ce2cbef5ed2617080750ed874e6153aea"
  integrity sha512-DcXs2lbVPzuJmn2kuDEwul2oZg7p4YMa5J2f0YzsOBHaAnBYGPNUB/rJ74DTjTKpw7F0+lSsVM8sFHE2UyBixg==

ws@^7.2.1:
  version "7.3.1"
  resolved "https://registry.yarnpkg.com/ws/-/ws-7.3.1.tgz#d0547bf67f7ce4f12a72dfe31262c68d7dc551c8"
  integrity sha512-D3RuNkynyHmEJIpD2qrgVkc9DQ23OrN/moAwZX4L8DfvszsJxpjQuUq3LMx6HoYji9fbIOBY18XWBsAux1ZZUA==

xml@^1.0.1:
  version "1.0.1"
  resolved "https://registry.yarnpkg.com/xml/-/xml-1.0.1.tgz#78ba72020029c5bc87b8a81a3cfcd74b4a2fc1e5"
  integrity sha1-eLpyAgApxbyHuKgaPPzXS0ovweU=

yargs-parser@20.x:
  version "20.2.3"
  resolved "https://registry.yarnpkg.com/yargs-parser/-/yargs-parser-20.2.3.tgz#92419ba867b858c868acf8bae9bf74af0dd0ce26"
  integrity sha512-emOFRT9WVHw03QSvN5qor9QQT9+sw5vwxfYweivSMHTcAXPefwVae2FjO7JJjj8hCE4CzPOPeFM83VwT29HCww==
